
Microsoft Visual Studio Solution File, Format Version 11.00
# Visual Studio 2010
Project("{FAE04EC0-301F-11D3-BF4B-00C04F79EFBC}") = "Clony Bird", "Assembly-CSharp.csproj", "{BF0B6A93-2354-2D56-C04E-F26D4F3390EA}"
EndProject
Global
	GlobalSection(SolutionConfigurationPlatforms) = preSolution
		Debug|Any CPU = Debug|Any CPU
		Release|Any CPU = Release|Any CPU
	EndGlobalSection
	GlobalSection(ProjectConfigurationPlatforms) = postSolution
		{BF0B6A93-2354-2D56-C04E-F26D4F3390EA}.Debug|Any CPU.ActiveCfg = Debug|Any CPU
		{BF0B6A93-2354-2D56-C04E-F26D4F3390EA}.Debug|Any CPU.Build.0 = Debug|Any CPU
		{BF0B6A93-2354-2D56-C04E-F26D4F3390EA}.Release|Any CPU.ActiveCfg = Release|Any CPU
		{BF0B6A93-2354-2D56-C04E-F26D4F3390EA}.Release|Any CPU.Build.0 = Release|Any CPU
	EndGlobalSection
	GlobalSection(SolutionProperties) = preSolution
		HideSolutionNode = FALSE
	EndGlobalSection
	GlobalSection(MonoDevelopProperties) = preSolution
		StartupItem = Assembly-CSharp.csproj
	EndGlobalSection
EndGlobal
